// !$*UTF8*$!
{
	archiveVersion = 1;
	classes = {
	};
	objectVersion = 46;
	objects = {

/* Begin PBXBuildFile section */
		0F4D9E941ABE38A900E0DB03 /* main.m in Sources */ = {isa = PBXBuildFile; fileRef = 0F4D9E931ABE38A900E0DB03 /* main.m */; };
		0F4D9E971ABE38A900E0DB03 /* RJAppDelegate.m in Sources */ = {isa = PBXBuildFile; fileRef = 0F4D9E961ABE38A900E0DB03 /* RJAppDelegate.m */; };
		0F4D9E9A1ABE38A900E0DB03 /* RJViewController.m in Sources */ = {isa = PBXBuildFile; fileRef = 0F4D9E991ABE38A900E0DB03 /* RJViewController.m */; };
		0F4D9E9D1ABE38A900E0DB03 /* Main.storyboard in Resources */ = {isa = PBXBuildFile; fileRef = 0F4D9E9B1ABE38A900E0DB03 /* Main.storyboard */; };
		0F4D9E9F1ABE38A900E0DB03 /* Images.xcassets in Resources */ = {isa = PBXBuildFile; fileRef = 0F4D9E9E1ABE38A900E0DB03 /* Images.xcassets */; };
		0F4D9EA21ABE38A900E0DB03 /* LaunchScreen.xib in Resources */ = {isa = PBXBuildFile; fileRef = 0F4D9EA01ABE38A900E0DB03 /* LaunchScreen.xib */; };
		0F4D9EAE1ABE38A900E0DB03 /* RarJetTests.m in Sources */ = {isa = PBXBuildFile; fileRef = 0F4D9EAD1ABE38A900E0DB03 /* RarJetTests.m */; };
		0F4D9ECC1ABED44E00E0DB03 /* AFHTTPRequestOperation.m in Sources */ = {isa = PBXBuildFile; fileRef = 0F4D9EBA1ABED44E00E0DB03 /* AFHTTPRequestOperation.m */; };
		0F4D9ECD1ABED44E00E0DB03 /* AFHTTPRequestOperation.m in Sources */ = {isa = PBXBuildFile; fileRef = 0F4D9EBA1ABED44E00E0DB03 /* AFHTTPRequestOperation.m */; };
		0F4D9ECE1ABED44E00E0DB03 /* AFHTTPRequestOperationManager.m in Sources */ = {isa = PBXBuildFile; fileRef = 0F4D9EBC1ABED44E00E0DB03 /* AFHTTPRequestOperationManager.m */; };
		0F4D9ECF1ABED44E00E0DB03 /* AFHTTPRequestOperationManager.m in Sources */ = {isa = PBXBuildFile; fileRef = 0F4D9EBC1ABED44E00E0DB03 /* AFHTTPRequestOperationManager.m */; };
		0F4D9ED01ABED44E00E0DB03 /* AFHTTPSessionManager.m in Sources */ = {isa = PBXBuildFile; fileRef = 0F4D9EBE1ABED44E00E0DB03 /* AFHTTPSessionManager.m */; };
		0F4D9ED11ABED44E00E0DB03 /* AFHTTPSessionManager.m in Sources */ = {isa = PBXBuildFile; fileRef = 0F4D9EBE1ABED44E00E0DB03 /* AFHTTPSessionManager.m */; };
		0F4D9ED21ABED44E00E0DB03 /* AFNetworkReachabilityManager.m in Sources */ = {isa = PBXBuildFile; fileRef = 0F4D9EC11ABED44E00E0DB03 /* AFNetworkReachabilityManager.m */; };
		0F4D9ED31ABED44E00E0DB03 /* AFNetworkReachabilityManager.m in Sources */ = {isa = PBXBuildFile; fileRef = 0F4D9EC11ABED44E00E0DB03 /* AFNetworkReachabilityManager.m */; };
		0F4D9ED41ABED44E00E0DB03 /* AFSecurityPolicy.m in Sources */ = {isa = PBXBuildFile; fileRef = 0F4D9EC31ABED44E00E0DB03 /* AFSecurityPolicy.m */; };
		0F4D9ED51ABED44E00E0DB03 /* AFSecurityPolicy.m in Sources */ = {isa = PBXBuildFile; fileRef = 0F4D9EC31ABED44E00E0DB03 /* AFSecurityPolicy.m */; };
		0F4D9ED61ABED44E00E0DB03 /* AFURLConnectionOperation.m in Sources */ = {isa = PBXBuildFile; fileRef = 0F4D9EC51ABED44E00E0DB03 /* AFURLConnectionOperation.m */; };
		0F4D9ED71ABED44E00E0DB03 /* AFURLConnectionOperation.m in Sources */ = {isa = PBXBuildFile; fileRef = 0F4D9EC51ABED44E00E0DB03 /* AFURLConnectionOperation.m */; };
		0F4D9ED81ABED44E00E0DB03 /* AFURLRequestSerialization.m in Sources */ = {isa = PBXBuildFile; fileRef = 0F4D9EC71ABED44E00E0DB03 /* AFURLRequestSerialization.m */; };
		0F4D9ED91ABED44E00E0DB03 /* AFURLRequestSerialization.m in Sources */ = {isa = PBXBuildFile; fileRef = 0F4D9EC71ABED44E00E0DB03 /* AFURLRequestSerialization.m */; };
		0F4D9EDA1ABED44E00E0DB03 /* AFURLResponseSerialization.m in Sources */ = {isa = PBXBuildFile; fileRef = 0F4D9EC91ABED44E00E0DB03 /* AFURLResponseSerialization.m */; };
		0F4D9EDB1ABED44E00E0DB03 /* AFURLResponseSerialization.m in Sources */ = {isa = PBXBuildFile; fileRef = 0F4D9EC91ABED44E00E0DB03 /* AFURLResponseSerialization.m */; };
		0F4D9EDC1ABED44E00E0DB03 /* AFURLSessionManager.m in Sources */ = {isa = PBXBuildFile; fileRef = 0F4D9ECB1ABED44E00E0DB03 /* AFURLSessionManager.m */; };
		0F4D9EDD1ABED44E00E0DB03 /* AFURLSessionManager.m in Sources */ = {isa = PBXBuildFile; fileRef = 0F4D9ECB1ABED44E00E0DB03 /* AFURLSessionManager.m */; };
		0F8905861ABED90900D72E52 /* RJBaseViewController.m in Sources */ = {isa = PBXBuildFile; fileRef = 0F8905851ABED90900D72E52 /* RJBaseViewController.m */; };
		0F8905871ABED90900D72E52 /* RJBaseViewController.m in Sources */ = {isa = PBXBuildFile; fileRef = 0F8905851ABED90900D72E52 /* RJBaseViewController.m */; };
		0F89058C1ABED9A600D72E52 /* RJDataManager.m in Sources */ = {isa = PBXBuildFile; fileRef = 0F89058B1ABED9A600D72E52 /* RJDataManager.m */; };
		0F89058D1ABED9A600D72E52 /* RJDataManager.m in Sources */ = {isa = PBXBuildFile; fileRef = 0F89058B1ABED9A600D72E52 /* RJDataManager.m */; };
		0F8905911ABEE04500D72E52 /* RJLocation.m in Sources */ = {isa = PBXBuildFile; fileRef = 0F8905901ABEE04500D72E52 /* RJLocation.m */; };
		0F8905921ABEE04500D72E52 /* RJLocation.m in Sources */ = {isa = PBXBuildFile; fileRef = 0F8905901ABEE04500D72E52 /* RJLocation.m */; };
		0F8905941ABEF04900D72E52 /* CoreLocation.framework in Frameworks */ = {isa = PBXBuildFile; fileRef = 0F8905931ABEF04900D72E52 /* CoreLocation.framework */; };
		0F89059C1ABEF0EC00D72E52 /* RJLocationManager.m in Sources */ = {isa = PBXBuildFile; fileRef = 0F89059B1ABEF0EC00D72E52 /* RJLocationManager.m */; };
		0F89059D1ABEF0EC00D72E52 /* RJLocationManager.m in Sources */ = {isa = PBXBuildFile; fileRef = 0F89059B1ABEF0EC00D72E52 /* RJLocationManager.m */; };
		0F8905A11ABF442900D72E52 /* RJTextField.m in Sources */ = {isa = PBXBuildFile; fileRef = 0F8905A01ABF442900D72E52 /* RJTextField.m */; };
		0F8905A21ABF442900D72E52 /* RJTextField.m in Sources */ = {isa = PBXBuildFile; fileRef = 0F8905A01ABF442900D72E52 /* RJTextField.m */; };
		0F8905A51ABF52C700D72E52 /* RJFancyLabel.m in Sources */ = {isa = PBXBuildFile; fileRef = 0F8905A41ABF52C700D72E52 /* RJFancyLabel.m */; };
		0F8905A61ABF52C700D72E52 /* RJFancyLabel.m in Sources */ = {isa = PBXBuildFile; fileRef = 0F8905A41ABF52C700D72E52 /* RJFancyLabel.m */; };
		0F8905AA1ABF552500D72E52 /* RJRandomColorGenerator.m in Sources */ = {isa = PBXBuildFile; fileRef = 0F8905A91ABF552500D72E52 /* RJRandomColorGenerator.m */; };
		0F8905AB1ABF552500D72E52 /* RJRandomColorGenerator.m in Sources */ = {isa = PBXBuildFile; fileRef = 0F8905A91ABF552500D72E52 /* RJRandomColorGenerator.m */; };
/* End PBXBuildFile section */

/* Begin PBXContainerItemProxy section */
		0F4D9EA81ABE38A900E0DB03 /* PBXContainerItemProxy */ = {
			isa = PBXContainerItemProxy;
			containerPortal = 0F4D9E861ABE38A900E0DB03 /* Project object */;
			proxyType = 1;
			remoteGlobalIDString = 0F4D9E8D1ABE38A900E0DB03;
			remoteInfo = RarJet;
		};
/* End PBXContainerItemProxy section */

/* Begin PBXFileReference section */
		0F4D9E8E1ABE38A900E0DB03 /* RarJet.app */ = {isa = PBXFileReference; explicitFileType = wrapper.application; includeInIndex = 0; path = RarJet.app; sourceTree = BUILT_PRODUCTS_DIR; };
		0F4D9E921ABE38A900E0DB03 /* Info.plist */ = {isa = PBXFileReference; lastKnownFileType = text.plist.xml; path = Info.plist; sourceTree = "<group>"; };
		0F4D9E931ABE38A900E0DB03 /* main.m */ = {isa = PBXFileReference; lastKnownFileType = sourcecode.c.objc; path = main.m; sourceTree = "<group>"; };
		0F4D9E951ABE38A900E0DB03 /* RJAppDelegate.h */ = {isa = PBXFileReference; lastKnownFileType = sourcecode.c.h; path = RJAppDelegate.h; sourceTree = "<group>"; };
		0F4D9E961ABE38A900E0DB03 /* RJAppDelegate.m */ = {isa = PBXFileReference; lastKnownFileType = sourcecode.c.objc; path = RJAppDelegate.m; sourceTree = "<group>"; };
		0F4D9E981ABE38A900E0DB03 /* RJViewController.h */ = {isa = PBXFileReference; lastKnownFileType = sourcecode.c.h; path = RJViewController.h; sourceTree = "<group>"; };
		0F4D9E991ABE38A900E0DB03 /* RJViewController.m */ = {isa = PBXFileReference; lastKnownFileType = sourcecode.c.objc; path = RJViewController.m; sourceTree = "<group>"; };
		0F4D9E9C1ABE38A900E0DB03 /* Base */ = {isa = PBXFileReference; lastKnownFileType = file.storyboard; name = Base; path = Base.lproj/Main.storyboard; sourceTree = "<group>"; };
		0F4D9E9E1ABE38A900E0DB03 /* Images.xcassets */ = {isa = PBXFileReference; lastKnownFileType = folder.assetcatalog; path = Images.xcassets; sourceTree = "<group>"; };
		0F4D9EA11ABE38A900E0DB03 /* Base */ = {isa = PBXFileReference; lastKnownFileType = file.xib; name = Base; path = Base.lproj/LaunchScreen.xib; sourceTree = "<group>"; };
		0F4D9EA71ABE38A900E0DB03 /* RarJetTests.xctest */ = {isa = PBXFileReference; explicitFileType = wrapper.cfbundle; includeInIndex = 0; path = RarJetTests.xctest; sourceTree = BUILT_PRODUCTS_DIR; };
		0F4D9EAC1ABE38A900E0DB03 /* Info.plist */ = {isa = PBXFileReference; lastKnownFileType = text.plist.xml; path = Info.plist; sourceTree = "<group>"; };
		0F4D9EAD1ABE38A900E0DB03 /* RarJetTests.m */ = {isa = PBXFileReference; lastKnownFileType = sourcecode.c.objc; path = RarJetTests.m; sourceTree = "<group>"; };
		0F4D9EB91ABED44E00E0DB03 /* AFHTTPRequestOperation.h */ = {isa = PBXFileReference; fileEncoding = 4; lastKnownFileType = sourcecode.c.h; path = AFHTTPRequestOperation.h; sourceTree = "<group>"; };
		0F4D9EBA1ABED44E00E0DB03 /* AFHTTPRequestOperation.m */ = {isa = PBXFileReference; fileEncoding = 4; lastKnownFileType = sourcecode.c.objc; path = AFHTTPRequestOperation.m; sourceTree = "<group>"; };
		0F4D9EBB1ABED44E00E0DB03 /* AFHTTPRequestOperationManager.h */ = {isa = PBXFileReference; fileEncoding = 4; lastKnownFileType = sourcecode.c.h; path = AFHTTPRequestOperationManager.h; sourceTree = "<group>"; };
		0F4D9EBC1ABED44E00E0DB03 /* AFHTTPRequestOperationManager.m */ = {isa = PBXFileReference; fileEncoding = 4; lastKnownFileType = sourcecode.c.objc; path = AFHTTPRequestOperationManager.m; sourceTree = "<group>"; };
		0F4D9EBD1ABED44E00E0DB03 /* AFHTTPSessionManager.h */ = {isa = PBXFileReference; fileEncoding = 4; lastKnownFileType = sourcecode.c.h; path = AFHTTPSessionManager.h; sourceTree = "<group>"; };
		0F4D9EBE1ABED44E00E0DB03 /* AFHTTPSessionManager.m */ = {isa = PBXFileReference; fileEncoding = 4; lastKnownFileType = sourcecode.c.objc; path = AFHTTPSessionManager.m; sourceTree = "<group>"; };
		0F4D9EBF1ABED44E00E0DB03 /* AFNetworking.h */ = {isa = PBXFileReference; fileEncoding = 4; lastKnownFileType = sourcecode.c.h; path = AFNetworking.h; sourceTree = "<group>"; };
		0F4D9EC01ABED44E00E0DB03 /* AFNetworkReachabilityManager.h */ = {isa = PBXFileReference; fileEncoding = 4; lastKnownFileType = sourcecode.c.h; path = AFNetworkReachabilityManager.h; sourceTree = "<group>"; };
		0F4D9EC11ABED44E00E0DB03 /* AFNetworkReachabilityManager.m */ = {isa = PBXFileReference; fileEncoding = 4; lastKnownFileType = sourcecode.c.objc; path = AFNetworkReachabilityManager.m; sourceTree = "<group>"; };
		0F4D9EC21ABED44E00E0DB03 /* AFSecurityPolicy.h */ = {isa = PBXFileReference; fileEncoding = 4; lastKnownFileType = sourcecode.c.h; path = AFSecurityPolicy.h; sourceTree = "<group>"; };
		0F4D9EC31ABED44E00E0DB03 /* AFSecurityPolicy.m */ = {isa = PBXFileReference; fileEncoding = 4; lastKnownFileType = sourcecode.c.objc; path = AFSecurityPolicy.m; sourceTree = "<group>"; };
		0F4D9EC41ABED44E00E0DB03 /* AFURLConnectionOperation.h */ = {isa = PBXFileReference; fileEncoding = 4; lastKnownFileType = sourcecode.c.h; path = AFURLConnectionOperation.h; sourceTree = "<group>"; };
		0F4D9EC51ABED44E00E0DB03 /* AFURLConnectionOperation.m */ = {isa = PBXFileReference; fileEncoding = 4; lastKnownFileType = sourcecode.c.objc; path = AFURLConnectionOperation.m; sourceTree = "<group>"; };
		0F4D9EC61ABED44E00E0DB03 /* AFURLRequestSerialization.h */ = {isa = PBXFileReference; fileEncoding = 4; lastKnownFileType = sourcecode.c.h; path = AFURLRequestSerialization.h; sourceTree = "<group>"; };
		0F4D9EC71ABED44E00E0DB03 /* AFURLRequestSerialization.m */ = {isa = PBXFileReference; fileEncoding = 4; lastKnownFileType = sourcecode.c.objc; path = AFURLRequestSerialization.m; sourceTree = "<group>"; };
		0F4D9EC81ABED44E00E0DB03 /* AFURLResponseSerialization.h */ = {isa = PBXFileReference; fileEncoding = 4; lastKnownFileType = sourcecode.c.h; path = AFURLResponseSerialization.h; sourceTree = "<group>"; };
		0F4D9EC91ABED44E00E0DB03 /* AFURLResponseSerialization.m */ = {isa = PBXFileReference; fileEncoding = 4; lastKnownFileType = sourcecode.c.objc; path = AFURLResponseSerialization.m; sourceTree = "<group>"; };
		0F4D9ECA1ABED44E00E0DB03 /* AFURLSessionManager.h */ = {isa = PBXFileReference; fileEncoding = 4; lastKnownFileType = sourcecode.c.h; path = AFURLSessionManager.h; sourceTree = "<group>"; };
		0F4D9ECB1ABED44E00E0DB03 /* AFURLSessionManager.m */ = {isa = PBXFileReference; fileEncoding = 4; lastKnownFileType = sourcecode.c.objc; path = AFURLSessionManager.m; sourceTree = "<group>"; };
		0F8905841ABED90900D72E52 /* RJBaseViewController.h */ = {isa = PBXFileReference; fileEncoding = 4; lastKnownFileType = sourcecode.c.h; path = RJBaseViewController.h; sourceTree = "<group>"; };
		0F8905851ABED90900D72E52 /* RJBaseViewController.m */ = {isa = PBXFileReference; fileEncoding = 4; lastKnownFileType = sourcecode.c.objc; path = RJBaseViewController.m; sourceTree = "<group>"; };
		0F89058A1ABED9A600D72E52 /* RJDataManager.h */ = {isa = PBXFileReference; fileEncoding = 4; lastKnownFileType = sourcecode.c.h; path = RJDataManager.h; sourceTree = "<group>"; };
		0F89058B1ABED9A600D72E52 /* RJDataManager.m */ = {isa = PBXFileReference; fileEncoding = 4; lastKnownFileType = sourcecode.c.objc; path = RJDataManager.m; sourceTree = "<group>"; };
		0F89058F1ABEE04500D72E52 /* RJLocation.h */ = {isa = PBXFileReference; fileEncoding = 4; lastKnownFileType = sourcecode.c.h; path = RJLocation.h; sourceTree = "<group>"; };
		0F8905901ABEE04500D72E52 /* RJLocation.m */ = {isa = PBXFileReference; fileEncoding = 4; lastKnownFileType = sourcecode.c.objc; path = RJLocation.m; sourceTree = "<group>"; };
		0F8905931ABEF04900D72E52 /* CoreLocation.framework */ = {isa = PBXFileReference; lastKnownFileType = wrapper.framework; name = CoreLocation.framework; path = System/Library/Frameworks/CoreLocation.framework; sourceTree = SDKROOT; };
		0F89059A1ABEF0EC00D72E52 /* RJLocationManager.h */ = {isa = PBXFileReference; fileEncoding = 4; lastKnownFileType = sourcecode.c.h; path = RJLocationManager.h; sourceTree = "<group>"; };
		0F89059B1ABEF0EC00D72E52 /* RJLocationManager.m */ = {isa = PBXFileReference; fileEncoding = 4; lastKnownFileType = sourcecode.c.objc; path = RJLocationManager.m; sourceTree = "<group>"; };
		0F89059F1ABF442900D72E52 /* RJTextField.h */ = {isa = PBXFileReference; fileEncoding = 4; lastKnownFileType = sourcecode.c.h; path = RJTextField.h; sourceTree = "<group>"; };
		0F8905A01ABF442900D72E52 /* RJTextField.m */ = {isa = PBXFileReference; fileEncoding = 4; lastKnownFileType = sourcecode.c.objc; path = RJTextField.m; sourceTree = "<group>"; };
		0F8905A31ABF52C700D72E52 /* RJFancyLabel.h */ = {isa = PBXFileReference; fileEncoding = 4; lastKnownFileType = sourcecode.c.h; path = RJFancyLabel.h; sourceTree = "<group>"; };
		0F8905A41ABF52C700D72E52 /* RJFancyLabel.m */ = {isa = PBXFileReference; fileEncoding = 4; lastKnownFileType = sourcecode.c.objc; path = RJFancyLabel.m; sourceTree = "<group>"; };
		0F8905A81ABF552500D72E52 /* RJRandomColorGenerator.h */ = {isa = PBXFileReference; fileEncoding = 4; lastKnownFileType = sourcecode.c.h; path = RJRandomColorGenerator.h; sourceTree = "<group>"; };
		0F8905A91ABF552500D72E52 /* RJRandomColorGenerator.m */ = {isa = PBXFileReference; fileEncoding = 4; lastKnownFileType = sourcecode.c.objc; path = RJRandomColorGenerator.m; sourceTree = "<group>"; };
/* End PBXFileReference section */

/* Begin PBXFrameworksBuildPhase section */
		0F4D9E8B1ABE38A900E0DB03 /* Frameworks */ = {
			isa = PBXFrameworksBuildPhase;
			buildActionMask = 2147483647;
			files = (
				0F8905941ABEF04900D72E52 /* CoreLocation.framework in Frameworks */,
			);
			runOnlyForDeploymentPostprocessing = 0;
		};
		0F4D9EA41ABE38A900E0DB03 /* Frameworks */ = {
			isa = PBXFrameworksBuildPhase;
			buildActionMask = 2147483647;
			files = (
			);
			runOnlyForDeploymentPostprocessing = 0;
		};
/* End PBXFrameworksBuildPhase section */

/* Begin PBXGroup section */
		0F4D9E851ABE38A900E0DB03 = {
			isa = PBXGroup;
			children = (
				0F4D9EB71ABED41C00E0DB03 /* 3rd Party Libs */,
				0F4D9E901ABE38A900E0DB03 /* RarJet */,
				0F4D9EAA1ABE38A900E0DB03 /* RarJetTests */,
				0F4D9E8F1ABE38A900E0DB03 /* Products */,
			);
			sourceTree = "<group>";
		};
		0F4D9E8F1ABE38A900E0DB03 /* Products */ = {
			isa = PBXGroup;
			children = (
				0F4D9E8E1ABE38A900E0DB03 /* RarJet.app */,
				0F4D9EA71ABE38A900E0DB03 /* RarJetTests.xctest */,
			);
			name = Products;
			sourceTree = "<group>";
		};
		0F4D9E901ABE38A900E0DB03 /* RarJet */ = {
			isa = PBXGroup;
			children = (
				0F8905A71ABF550E00D72E52 /* Utils */,
				0F89059E1ABF441700D72E52 /* Views */,
				0F8905951ABEF06300D72E52 /* Frameworks */,
				0F89058E1ABEE00500D72E52 /* Models */,
				0F8905891ABED99000D72E52 /* Data Managers */,
				0F8905881ABED93600D72E52 /* Resources */,
				0F8905831ABED8EA00D72E52 /* View Controllers */,
				0F4D9E951ABE38A900E0DB03 /* RJAppDelegate.h */,
				0F4D9E961ABE38A900E0DB03 /* RJAppDelegate.m */,
				0F4D9E911ABE38A900E0DB03 /* Supporting Files */,
			);
			path = RarJet;
			sourceTree = "<group>";
		};
		0F4D9E911ABE38A900E0DB03 /* Supporting Files */ = {
			isa = PBXGroup;
			children = (
				0F4D9E921ABE38A900E0DB03 /* Info.plist */,
				0F4D9E931ABE38A900E0DB03 /* main.m */,
			);
			name = "Supporting Files";
			sourceTree = "<group>";
		};
		0F4D9EAA1ABE38A900E0DB03 /* RarJetTests */ = {
			isa = PBXGroup;
			children = (
				0F4D9EAD1ABE38A900E0DB03 /* RarJetTests.m */,
				0F4D9EAB1ABE38A900E0DB03 /* Supporting Files */,
			);
			path = RarJetTests;
			sourceTree = "<group>";
		};
		0F4D9EAB1ABE38A900E0DB03 /* Supporting Files */ = {
			isa = PBXGroup;
			children = (
				0F4D9EAC1ABE38A900E0DB03 /* Info.plist */,
			);
			name = "Supporting Files";
			sourceTree = "<group>";
		};
		0F4D9EB71ABED41C00E0DB03 /* 3rd Party Libs */ = {
			isa = PBXGroup;
			children = (
				0F4D9EB81ABED44E00E0DB03 /* AFNetworking */,
			);
			name = "3rd Party Libs";
			sourceTree = "<group>";
		};
		0F4D9EB81ABED44E00E0DB03 /* AFNetworking */ = {
			isa = PBXGroup;
			children = (
				0F4D9EB91ABED44E00E0DB03 /* AFHTTPRequestOperation.h */,
				0F4D9EBA1ABED44E00E0DB03 /* AFHTTPRequestOperation.m */,
				0F4D9EBB1ABED44E00E0DB03 /* AFHTTPRequestOperationManager.h */,
				0F4D9EBC1ABED44E00E0DB03 /* AFHTTPRequestOperationManager.m */,
				0F4D9EBD1ABED44E00E0DB03 /* AFHTTPSessionManager.h */,
				0F4D9EBE1ABED44E00E0DB03 /* AFHTTPSessionManager.m */,
				0F4D9EBF1ABED44E00E0DB03 /* AFNetworking.h */,
				0F4D9EC01ABED44E00E0DB03 /* AFNetworkReachabilityManager.h */,
				0F4D9EC11ABED44E00E0DB03 /* AFNetworkReachabilityManager.m */,
				0F4D9EC21ABED44E00E0DB03 /* AFSecurityPolicy.h */,
				0F4D9EC31ABED44E00E0DB03 /* AFSecurityPolicy.m */,
				0F4D9EC41ABED44E00E0DB03 /* AFURLConnectionOperation.h */,
				0F4D9EC51ABED44E00E0DB03 /* AFURLConnectionOperation.m */,
				0F4D9EC61ABED44E00E0DB03 /* AFURLRequestSerialization.h */,
				0F4D9EC71ABED44E00E0DB03 /* AFURLRequestSerialization.m */,
				0F4D9EC81ABED44E00E0DB03 /* AFURLResponseSerialization.h */,
				0F4D9EC91ABED44E00E0DB03 /* AFURLResponseSerialization.m */,
				0F4D9ECA1ABED44E00E0DB03 /* AFURLSessionManager.h */,
				0F4D9ECB1ABED44E00E0DB03 /* AFURLSessionManager.m */,
			);
			path = AFNetworking;
			sourceTree = "<group>";
		};
		0F8905831ABED8EA00D72E52 /* View Controllers */ = {
			isa = PBXGroup;
			children = (
				0F4D9E981ABE38A900E0DB03 /* RJViewController.h */,
				0F4D9E991ABE38A900E0DB03 /* RJViewController.m */,
				0F8905841ABED90900D72E52 /* RJBaseViewController.h */,
				0F8905851ABED90900D72E52 /* RJBaseViewController.m */,
			);
			name = "View Controllers";
			sourceTree = "<group>";
		};
		0F8905881ABED93600D72E52 /* Resources */ = {
			isa = PBXGroup;
			children = (
				0F4D9E9B1ABE38A900E0DB03 /* Main.storyboard */,
				0F4D9E9E1ABE38A900E0DB03 /* Images.xcassets */,
				0F4D9EA01ABE38A900E0DB03 /* LaunchScreen.xib */,
			);
			name = Resources;
			sourceTree = "<group>";
		};
		0F8905891ABED99000D72E52 /* Data Managers */ = {
			isa = PBXGroup;
			children = (
				0F89058A1ABED9A600D72E52 /* RJDataManager.h */,
				0F89058B1ABED9A600D72E52 /* RJDataManager.m */,
				0F89059A1ABEF0EC00D72E52 /* RJLocationManager.h */,
				0F89059B1ABEF0EC00D72E52 /* RJLocationManager.m */,
			);
			name = "Data Managers";
			sourceTree = "<group>";
		};
		0F89058E1ABEE00500D72E52 /* Models */ = {
			isa = PBXGroup;
			children = (
				0F89058F1ABEE04500D72E52 /* RJLocation.h */,
				0F8905901ABEE04500D72E52 /* RJLocation.m */,
			);
			name = Models;
			sourceTree = "<group>";
		};
		0F8905951ABEF06300D72E52 /* Frameworks */ = {
			isa = PBXGroup;
			children = (
				0F8905931ABEF04900D72E52 /* CoreLocation.framework */,
			);
			name = Frameworks;
			sourceTree = "<group>";
		};
		0F89059E1ABF441700D72E52 /* Views */ = {
			isa = PBXGroup;
			children = (
				0F89059F1ABF442900D72E52 /* RJTextField.h */,
				0F8905A01ABF442900D72E52 /* RJTextField.m */,
				0F8905A31ABF52C700D72E52 /* RJFancyLabel.h */,
				0F8905A41ABF52C700D72E52 /* RJFancyLabel.m */,
			);
			name = Views;
			sourceTree = "<group>";
		};
		0F8905A71ABF550E00D72E52 /* Utils */ = {
			isa = PBXGroup;
			children = (
				0F8905A81ABF552500D72E52 /* RJRandomColorGenerator.h */,
				0F8905A91ABF552500D72E52 /* RJRandomColorGenerator.m */,
			);
			name = Utils;
			sourceTree = "<group>";
		};
/* End PBXGroup section */

/* Begin PBXNativeTarget section */
		0F4D9E8D1ABE38A900E0DB03 /* RarJet */ = {
			isa = PBXNativeTarget;
			buildConfigurationList = 0F4D9EB11ABE38A900E0DB03 /* Build configuration list for PBXNativeTarget "RarJet" */;
			buildPhases = (
				0F4D9E8A1ABE38A900E0DB03 /* Sources */,
				0F4D9E8B1ABE38A900E0DB03 /* Frameworks */,
				0F4D9E8C1ABE38A900E0DB03 /* Resources */,
			);
			buildRules = (
			);
			dependencies = (
			);
			name = RarJet;
			productName = RarJet;
			productReference = 0F4D9E8E1ABE38A900E0DB03 /* RarJet.app */;
			productType = "com.apple.product-type.application";
		};
		0F4D9EA61ABE38A900E0DB03 /* RarJetTests */ = {
			isa = PBXNativeTarget;
			buildConfigurationList = 0F4D9EB41ABE38A900E0DB03 /* Build configuration list for PBXNativeTarget "RarJetTests" */;
			buildPhases = (
				0F4D9EA31ABE38A900E0DB03 /* Sources */,
				0F4D9EA41ABE38A900E0DB03 /* Frameworks */,
				0F4D9EA51ABE38A900E0DB03 /* Resources */,
			);
			buildRules = (
			);
			dependencies = (
				0F4D9EA91ABE38A900E0DB03 /* PBXTargetDependency */,
			);
			name = RarJetTests;
			productName = RarJetTests;
			productReference = 0F4D9EA71ABE38A900E0DB03 /* RarJetTests.xctest */;
			productType = "com.apple.product-type.bundle.unit-test";
		};
/* End PBXNativeTarget section */

/* Begin PBXProject section */
		0F4D9E861ABE38A900E0DB03 /* Project object */ = {
			isa = PBXProject;
			attributes = {
				LastUpgradeCheck = 0620;
				ORGANIZATIONNAME = "Mert Buran";
				TargetAttributes = {
					0F4D9E8D1ABE38A900E0DB03 = {
						CreatedOnToolsVersion = 6.2;
					};
					0F4D9EA61ABE38A900E0DB03 = {
						CreatedOnToolsVersion = 6.2;
						TestTargetID = 0F4D9E8D1ABE38A900E0DB03;
					};
				};
			};
			buildConfigurationList = 0F4D9E891ABE38A900E0DB03 /* Build configuration list for PBXProject "RarJet" */;
			compatibilityVersion = "Xcode 3.2";
			developmentRegion = English;
			hasScannedForEncodings = 0;
			knownRegions = (
				en,
				Base,
			);
			mainGroup = 0F4D9E851ABE38A900E0DB03;
			productRefGroup = 0F4D9E8F1ABE38A900E0DB03 /* Products */;
			projectDirPath = "";
			projectRoot = "";
			targets = (
				0F4D9E8D1ABE38A900E0DB03 /* RarJet */,
				0F4D9EA61ABE38A900E0DB03 /* RarJetTests */,
			);
		};
/* End PBXProject section */

/* Begin PBXResourcesBuildPhase section */
		0F4D9E8C1ABE38A900E0DB03 /* Resources */ = {
			isa = PBXResourcesBuildPhase;
			buildActionMask = 2147483647;
			files = (
				0F4D9E9D1ABE38A900E0DB03 /* Main.storyboard in Resources */,
				0F4D9EA21ABE38A900E0DB03 /* LaunchScreen.xib in Resources */,
				0F4D9E9F1ABE38A900E0DB03 /* Images.xcassets in Resources */,
			);
			runOnlyForDeploymentPostprocessing = 0;
		};
		0F4D9EA51ABE38A900E0DB03 /* Resources */ = {
			isa = PBXResourcesBuildPhase;
			buildActionMask = 2147483647;
			files = (
			);
			runOnlyForDeploymentPostprocessing = 0;
		};
/* End PBXResourcesBuildPhase section */

/* Begin PBXSourcesBuildPhase section */
		0F4D9E8A1ABE38A900E0DB03 /* Sources */ = {
			isa = PBXSourcesBuildPhase;
			buildActionMask = 2147483647;
			files = (
				0F8905911ABEE04500D72E52 /* RJLocation.m in Sources */,
				0F4D9ECC1ABED44E00E0DB03 /* AFHTTPRequestOperation.m in Sources */,
				0F4D9E9A1ABE38A900E0DB03 /* RJViewController.m in Sources */,
				0F4D9ECE1ABED44E00E0DB03 /* AFHTTPRequestOperationManager.m in Sources */,
				0F4D9ED21ABED44E00E0DB03 /* AFNetworkReachabilityManager.m in Sources */,
				0F8905A11ABF442900D72E52 /* RJTextField.m in Sources */,
				0F8905A51ABF52C700D72E52 /* RJFancyLabel.m in Sources */,
				0F4D9EDA1ABED44E00E0DB03 /* AFURLResponseSerialization.m in Sources */,
				0F4D9ED61ABED44E00E0DB03 /* AFURLConnectionOperation.m in Sources */,
				0F4D9ED41ABED44E00E0DB03 /* AFSecurityPolicy.m in Sources */,
				0F8905AA1ABF552500D72E52 /* RJRandomColorGenerator.m in Sources */,
				0F89058C1ABED9A600D72E52 /* RJDataManager.m in Sources */,
				0F4D9ED01ABED44E00E0DB03 /* AFHTTPSessionManager.m in Sources */,
				0F4D9ED81ABED44E00E0DB03 /* AFURLRequestSerialization.m in Sources */,
				0F4D9EDC1ABED44E00E0DB03 /* AFURLSessionManager.m in Sources */,
				0F4D9E971ABE38A900E0DB03 /* RJAppDelegate.m in Sources */,
				0F8905861ABED90900D72E52 /* RJBaseViewController.m in Sources */,
				0F89059C1ABEF0EC00D72E52 /* RJLocationManager.m in Sources */,
				0F4D9E941ABE38A900E0DB03 /* main.m in Sources */,
			);
			runOnlyForDeploymentPostprocessing = 0;
		};
		0F4D9EA31ABE38A900E0DB03 /* Sources */ = {
			isa = PBXSourcesBuildPhase;
			buildActionMask = 2147483647;
			files = (
				0F8905AB1ABF552500D72E52 /* RJRandomColorGenerator.m in Sources */,
				0F4D9ED71ABED44E00E0DB03 /* AFURLConnectionOperation.m in Sources */,
				0F4D9EDB1ABED44E00E0DB03 /* AFURLResponseSerialization.m in Sources */,
				0F4D9ECD1ABED44E00E0DB03 /* AFHTTPRequestOperation.m in Sources */,
				0F4D9EAE1ABE38A900E0DB03 /* RarJetTests.m in Sources */,
				0F4D9ED31ABED44E00E0DB03 /* AFNetworkReachabilityManager.m in Sources */,
				0F8905A21ABF442900D72E52 /* RJTextField.m in Sources */,
				0F8905A61ABF52C700D72E52 /* RJFancyLabel.m in Sources */,
				0F4D9EDD1ABED44E00E0DB03 /* AFURLSessionManager.m in Sources */,
				0F4D9ECF1ABED44E00E0DB03 /* AFHTTPRequestOperationManager.m in Sources */,
				0F8905921ABEE04500D72E52 /* RJLocation.m in Sources */,
				0F4D9ED51ABED44E00E0DB03 /* AFSecurityPolicy.m in Sources */,
				0F8905871ABED90900D72E52 /* RJBaseViewController.m in Sources */,
				0F89059D1ABEF0EC00D72E52 /* RJLocationManager.m in Sources */,
				0F4D9ED11ABED44E00E0DB03 /* AFHTTPSessionManager.m in Sources */,
				0F4D9ED91ABED44E00E0DB03 /* AFURLRequestSerialization.m in Sources */,
				0F89058D1ABED9A600D72E52 /* RJDataManager.m in Sources */,
			);
			runOnlyForDeploymentPostprocessing = 0;
		};
/* End PBXSourcesBuildPhase section */

/* Begin PBXTargetDependency section */
		0F4D9EA91ABE38A900E0DB03 /* PBXTargetDependency */ = {
			isa = PBXTargetDependency;
			target = 0F4D9E8D1ABE38A900E0DB03 /* RarJet */;
			targetProxy = 0F4D9EA81ABE38A900E0DB03 /* PBXContainerItemProxy */;
		};
/* End PBXTargetDependency section */

/* Begin PBXVariantGroup section */
		0F4D9E9B1ABE38A900E0DB03 /* Main.storyboard */ = {
			isa = PBXVariantGroup;
			children = (
				0F4D9E9C1ABE38A900E0DB03 /* Base */,
			);
			name = Main.storyboard;
			sourceTree = "<group>";
		};
		0F4D9EA01ABE38A900E0DB03 /* LaunchScreen.xib */ = {
			isa = PBXVariantGroup;
			children = (
				0F4D9EA11ABE38A900E0DB03 /* Base */,
			);
			name = LaunchScreen.xib;
			sourceTree = "<group>";
		};
/* End PBXVariantGroup section */

/* Begin XCBuildConfiguration section */
		0F4D9EAF1ABE38A900E0DB03 /* Debug */ = {
			isa = XCBuildConfiguration;
			buildSettings = {
				ALWAYS_SEARCH_USER_PATHS = NO;
				CLANG_CXX_LANGUAGE_STANDARD = "gnu++0x";
				CLANG_CXX_LIBRARY = "libc++";
				CLANG_ENABLE_MODULES = YES;
				CLANG_ENABLE_OBJC_ARC = YES;
				CLANG_WARN_BOOL_CONVERSION = YES;
				CLANG_WARN_CONSTANT_CONVERSION = YES;
				CLANG_WARN_DIRECT_OBJC_ISA_USAGE = YES_ERROR;
				CLANG_WARN_EMPTY_BODY = YES;
				CLANG_WARN_ENUM_CONVERSION = YES;
				CLANG_WARN_INT_CONVERSION = YES;
				CLANG_WARN_OBJC_ROOT_CLASS = YES_ERROR;
				CLANG_WARN_UNREACHABLE_CODE = YES;
				CLANG_WARN__DUPLICATE_METHOD_MATCH = YES;
				"CODE_SIGN_IDENTITY[sdk=iphoneos*]" = "iPhone Developer";
				COPY_PHASE_STRIP = NO;
				ENABLE_STRICT_OBJC_MSGSEND = YES;
				GCC_C_LANGUAGE_STANDARD = gnu99;
				GCC_DYNAMIC_NO_PIC = NO;
				GCC_OPTIMIZATION_LEVEL = 0;
				GCC_PREPROCESSOR_DEFINITIONS = (
					"DEBUG=1",
					"$(inherited)",
				);
				GCC_SYMBOLS_PRIVATE_EXTERN = NO;
				GCC_WARN_64_TO_32_BIT_CONVERSION = YES;
				GCC_WARN_ABOUT_RETURN_TYPE = YES_ERROR;
				GCC_WARN_UNDECLARED_SELECTOR = YES;
				GCC_WARN_UNINITIALIZED_AUTOS = YES_AGGRESSIVE;
				GCC_WARN_UNUSED_FUNCTION = YES;
				GCC_WARN_UNUSED_VARIABLE = YES;
				IPHONEOS_DEPLOYMENT_TARGET = 8.2;
				MTL_ENABLE_DEBUG_INFO = YES;
				ONLY_ACTIVE_ARCH = YES;
				SDKROOT = iphoneos;
			};
			name = Debug;
		};
		0F4D9EB01ABE38A900E0DB03 /* Release */ = {
			isa = XCBuildConfiguration;
			buildSettings = {
				ALWAYS_SEARCH_USER_PATHS = NO;
				CLANG_CXX_LANGUAGE_STANDARD = "gnu++0x";
				CLANG_CXX_LIBRARY = "libc++";
				CLANG_ENABLE_MODULES = YES;
				CLANG_ENABLE_OBJC_ARC = YES;
				CLANG_WARN_BOOL_CONVERSION = YES;
				CLANG_WARN_CONSTANT_CONVERSION = YES;
				CLANG_WARN_DIRECT_OBJC_ISA_USAGE = YES_ERROR;
				CLANG_WARN_EMPTY_BODY = YES;
				CLANG_WARN_ENUM_CONVERSION = YES;
				CLANG_WARN_INT_CONVERSION = YES;
				CLANG_WARN_OBJC_ROOT_CLASS = YES_ERROR;
				CLANG_WARN_UNREACHABLE_CODE = YES;
				CLANG_WARN__DUPLICATE_METHOD_MATCH = YES;
				"CODE_SIGN_IDENTITY[sdk=iphoneos*]" = "iPhone Developer";
				COPY_PHASE_STRIP = NO;
				ENABLE_NS_ASSERTIONS = NO;
				ENABLE_STRICT_OBJC_MSGSEND = YES;
				GCC_C_LANGUAGE_STANDARD = gnu99;
				GCC_WARN_64_TO_32_BIT_CONVERSION = YES;
				GCC_WARN_ABOUT_RETURN_TYPE = YES_ERROR;
				GCC_WARN_UNDECLARED_SELECTOR = YES;
				GCC_WARN_UNINITIALIZED_AUTOS = YES_AGGRESSIVE;
				GCC_WARN_UNUSED_FUNCTION = YES;
				GCC_WARN_UNUSED_VARIABLE = YES;
				IPHONEOS_DEPLOYMENT_TARGET = 8.2;
				MTL_ENABLE_DEBUG_INFO = NO;
				SDKROOT = iphoneos;
				VALIDATE_PRODUCT = YES;
			};
			name = Release;
		};
		0F4D9EB21ABE38A900E0DB03 /* Debug */ = {
			isa = XCBuildConfiguration;
			buildSettings = {
				ASSETCATALOG_COMPILER_APPICON_NAME = AppIcon;
				INFOPLIST_FILE = RarJet/Info.plist;
				IPHONEOS_DEPLOYMENT_TARGET = 8.0;
				LD_RUNPATH_SEARCH_PATHS = "$(inherited) @executable_path/Frameworks";
				PRODUCT_NAME = "$(TARGET_NAME)";
				TARGETED_DEVICE_FAMILY = "1,2";
			};
			name = Debug;
		};
		0F4D9EB31ABE38A900E0DB03 /* Release */ = {
			isa = XCBuildConfiguration;
			buildSettings = {
				ASSETCATALOG_COMPILER_APPICON_NAME = AppIcon;
				INFOPLIST_FILE = RarJet/Info.plist;
				IPHONEOS_DEPLOYMENT_TARGET = 8.0;
				LD_RUNPATH_SEARCH_PATHS = "$(inherited) @executable_path/Frameworks";
				PRODUCT_NAME = "$(TARGET_NAME)";
				TARGETED_DEVICE_FAMILY = "1,2";
			};
			name = Release;
		};
		0F4D9EB51ABE38A900E0DB03 /* Debug */ = {
			isa = XCBuildConfiguration;
			buildSettings = {
				BUNDLE_LOADER = "$(TEST_HOST)";
				FRAMEWORK_SEARCH_PATHS = (
					"$(SDKROOT)/Developer/Library/Frameworks",
					"$(inherited)",
				);
				GCC_PREPROCESSOR_DEFINITIONS = (
					"DEBUG=1",
					"$(inherited)",
				);
				INFOPLIST_FILE = RarJetTests/Info.plist;
				LD_RUNPATH_SEARCH_PATHS = "$(inherited) @executable_path/Frameworks @loader_path/Frameworks";
				PRODUCT_NAME = "$(TARGET_NAME)";
				TEST_HOST = "$(BUILT_PRODUCTS_DIR)/RarJet.app/RarJet";
			};
			name = Debug;
		};
		0F4D9EB61ABE38A900E0DB03 /* Release */ = {
			isa = XCBuildConfiguration;
			buildSettings = {
				BUNDLE_LOADER = "$(TEST_HOST)";
				FRAMEWORK_SEARCH_PATHS = (
					"$(SDKROOT)/Developer/Library/Frameworks",
					"$(inherited)",
				);
				INFOPLIST_FILE = RarJetTests/Info.plist;
				LD_RUNPATH_SEARCH_PATHS = "$(inherited) @executable_path/Frameworks @loader_path/Frameworks";
				PRODUCT_NAME = "$(TARGET_NAME)";
				TEST_HOST = "$(BUILT_PRODUCTS_DIR)/RarJet.app/RarJet";
			};
			name = Release;
		};
/* End XCBuildConfiguration section */

/* Begin XCConfigurationList section */
		0F4D9E891ABE38A900E0DB03 /* Build configuration list for PBXProject "RarJet" */ = {
			isa = XCConfigurationList;
			buildConfigurations = (
				0F4D9EAF1ABE38A900E0DB03 /* Debug */,
				0F4D9EB01ABE38A900E0DB03 /* Release */,
			);
			defaultConfigurationIsVisible = 0;
			defaultConfigurationName = Release;
		};
		0F4D9EB11ABE38A900E0DB03 /* Build configuration list for PBXNativeTarget "RarJet" */ = {
			isa = XCConfigurationList;
			buildConfigurations = (
				0F4D9EB21ABE38A900E0DB03 /* Debug */,
				0F4D9EB31ABE38A900E0DB03 /* Release */,
			);
			defaultConfigurationIsVisible = 0;
			defaultConfigurationName = Release;
		};
		0F4D9EB41ABE38A900E0DB03 /* Build configuration list for PBXNativeTarget "RarJetTests" */ = {
			isa = XCConfigurationList;
			buildConfigurations = (
				0F4D9EB51ABE38A900E0DB03 /* Debug */,
				0F4D9EB61ABE38A900E0DB03 /* Release */,
			);
			defaultConfigurationIsVisible = 0;
			defaultConfigurationName = Release;
		};
/* End XCConfigurationList section */
	};
	rootObject = 0F4D9E861ABE38A900E0DB03 /* Project object */;
}
